
Microsoft Visual Studio Solution File, Format Version 12.00
# Visual Studio Version 17
VisualStudioVersion = 17.9.34728.123
MinimumVisualStudioVersion = 10.0.40219.1
Project("{FAE04EC0-301F-11D3-BF4B-00C04F79EFBC}") = "Akij_iBos_Assignment_02", "Akij_iBos_Assignment_02.csproj", "{446CFBAC-90B7-4487-8B4B-8F9AFDCFE143}"
EndProject
Global
	GlobalSection(SolutionConfigurationPlatforms) = preSolution
		Debug|Any CPU = Debug|Any CPU
		Release|Any CPU = Release|Any CPU
	EndGlobalSection
	GlobalSection(ProjectConfigurationPlatforms) = postSolution
		{446CFBAC-90B7-4487-8B4B-8F9AFDCFE143}.Debug|Any CPU.ActiveCfg = Debug|Any CPU
		{446CFBAC-90B7-4487-8B4B-8F9AFDCFE143}.Debug|Any CPU.Build.0 = Debug|Any CPU
		{446CFBAC-90B7-4487-8B4B-8F9AFDCFE143}.Release|Any CPU.ActiveCfg = Release|Any CPU
		{446CFBAC-90B7-4487-8B4B-8F9AFDCFE143}.Release|Any CPU.Build.0 = Release|Any CPU
	EndGlobalSection
	GlobalSection(SolutionProperties) = preSolution
		HideSolutionNode = FALSE
	EndGlobalSection
	GlobalSection(ExtensibilityGlobals) = postSolution
		SolutionGuid = {F8C7B5E8-53EA-4692-A0F5-8165C15E2587}
	EndGlobalSection
EndGlobal
